<?xml version="1.0" encoding="UTF-8"?>
<!DOCTYPE plist PUBLIC "-//Apple//DTD PLIST 1.0//EN" "http://www.apple.com/DTDs/PropertyList-1.0.dtd">
<plist version="1.0">
<dict>
	<key>archiveVersion</key>
	<string>1</string>
	<key>classes</key>
	<dict/>
	<key>objectVersion</key>
	<string>46</string>
	<key>objects</key>
	<dict>
		<key>15D0D97629FF86FE8D3C4978</key>
		<dict>
			<key>explicitFileType</key>
			<string>archive.ar</string>
			<key>includeInIndex</key>
			<string>0</string>
			<key>isa</key>
			<string>PBXFileReference</string>
			<key>path</key>
			<string>libPods.a</string>
			<key>sourceTree</key>
			<string>BUILT_PRODUCTS_DIR</string>
		</dict>
		<key>19A7F92EC86A396786331628</key>
		<dict>
			<key>children</key>
			<array>
				<string>15D0D97629FF86FE8D3C4978</string>
			</array>
			<key>isa</key>
			<string>PBXGroup</string>
			<key>name</key>
			<string>Frameworks</string>
			<key>sourceTree</key>
			<string>&lt;group&gt;</string>
		</dict>
		<key>22CF305818C4480069EA5959</key>
		<dict>
			<key>buildActionMask</key>
			<string>2147483647</string>
			<key>files</key>
			<array/>
			<key>inputPaths</key>
			<array/>
			<key>isa</key>
			<string>PBXShellScriptBuildPhase</string>
			<key>name</key>
			<string>Check Pods Manifest.lock</string>
			<key>outputPaths</key>
			<array/>
			<key>runOnlyForDeploymentPostprocessing</key>
			<string>0</string>
			<key>shellPath</key>
			<string>/bin/sh</string>
			<key>shellScript</key>
			<string>diff "${PODS_ROOT}/../Podfile.lock" "${PODS_ROOT}/Manifest.lock" &gt; /dev/null
if [[ $? != 0 ]] ; then
    cat &lt;&lt; EOM
error: The sandbox is not in sync with the Podfile.lock. Run 'pod install' or update your CocoaPods installation.
EOM
    exit 1
fi
</string>
			<key>showEnvVarsInLog</key>
			<string>0</string>
		</dict>
		<key>461E0AFD8932E2FBE12AABB7</key>
		<dict>
			<key>buildActionMask</key>
			<string>2147483647</string>
			<key>files</key>
			<array/>
			<key>inputPaths</key>
			<array/>
			<key>isa</key>
			<string>PBXShellScriptBuildPhase</string>
			<key>name</key>
			<string>Copy Pods Resources</string>
			<key>outputPaths</key>
			<array/>
			<key>runOnlyForDeploymentPostprocessing</key>
			<string>0</string>
			<key>shellPath</key>
			<string>/bin/sh</string>
			<key>shellScript</key>
			<string>"${SRCROOT}/Pods/Target Support Files/Pods/Pods-resources.sh"
</string>
			<key>showEnvVarsInLog</key>
			<string>0</string>
		</dict>
		<key>55CA498F1A296F8100458B7C</key>
		<dict>
			<key>children</key>
			<array>
				<string>55CA49901A29705500458B7C</string>
				<string>55CA49911A29705500458B7C</string>
			</array>
			<key>isa</key>
			<string>PBXGroup</string>
			<key>path</key>
			<string>Category</string>
			<key>sourceTree</key>
			<string>&lt;group&gt;</string>
		</dict>
		<key>55CA49901A29705500458B7C</key>
		<dict>
			<key>fileEncoding</key>
			<string>4</string>
			<key>isa</key>
			<string>PBXFileReference</string>
			<key>lastKnownFileType</key>
			<string>sourcecode.c.h</string>
			<key>path</key>
			<string>UIView+srmAddtion.h</string>
			<key>sourceTree</key>
			<string>&lt;group&gt;</string>
		</dict>
		<key>55CA49911A29705500458B7C</key>
		<dict>
			<key>fileEncoding</key>
			<string>4</string>
			<key>isa</key>
			<string>PBXFileReference</string>
			<key>lastKnownFileType</key>
			<string>sourcecode.c.objc</string>
			<key>path</key>
			<string>UIView+srmAddtion.m</string>
			<key>sourceTree</key>
			<string>&lt;group&gt;</string>
		</dict>
		<key>55CA49921A29705500458B7C</key>
		<dict>
			<key>fileRef</key>
			<string>55CA49911A29705500458B7C</string>
			<key>isa</key>
			<string>PBXBuildFile</string>
		</dict>
		<key>55CA49941A2971B800458B7C</key>
		<dict>
			<key>children</key>
			<array>
				<string>55CA49AB1A2973C700458B7C</string>
				<string>55CA49AD1A29743D00458B7C</string>
			</array>
			<key>isa</key>
			<string>PBXGroup</string>
			<key>path</key>
			<string>Macro</string>
			<key>sourceTree</key>
			<string>&lt;group&gt;</string>
		</dict>
		<key>55CA49951A2971D200458B7C</key>
		<dict>
			<key>children</key>
			<array>
				<string>55CA499E1A29732400458B7C</string>
				<string>55CA499F1A29732400458B7C</string>
				<string>55CA499D1A29728700458B7C</string>
				<string>55CA49981A29724500458B7C</string>
				<string>55CA49991A29724500458B7C</string>
			</array>
			<key>isa</key>
			<string>PBXGroup</string>
			<key>path</key>
			<string>AppDelegate</string>
			<key>sourceTree</key>
			<string>&lt;group&gt;</string>
		</dict>
		<key>55CA49981A29724500458B7C</key>
		<dict>
			<key>fileEncoding</key>
			<string>4</string>
			<key>isa</key>
			<string>PBXFileReference</string>
			<key>lastKnownFileType</key>
			<string>text.plist.xml</string>
			<key>path</key>
			<string>Info.plist</string>
			<key>sourceTree</key>
			<string>&lt;group&gt;</string>
		</dict>
		<key>55CA49991A29724500458B7C</key>
		<dict>
			<key>fileEncoding</key>
			<string>4</string>
			<key>isa</key>
			<string>PBXFileReference</string>
			<key>lastKnownFileType</key>
			<string>sourcecode.c.objc</string>
			<key>path</key>
			<string>main.m</string>
			<key>sourceTree</key>
			<string>&lt;group&gt;</string>
		</dict>
		<key>55CA499B1A29724500458B7C</key>
		<dict>
			<key>fileRef</key>
			<string>55CA49981A29724500458B7C</string>
			<key>isa</key>
			<string>PBXBuildFile</string>
		</dict>
		<key>55CA499C1A29724500458B7C</key>
		<dict>
			<key>fileRef</key>
			<string>55CA49991A29724500458B7C</string>
			<key>isa</key>
			<string>PBXBuildFile</string>
		</dict>
		<key>55CA499D1A29728700458B7C</key>
		<dict>
			<key>fileEncoding</key>
			<string>4</string>
			<key>isa</key>
			<string>PBXFileReference</string>
			<key>lastKnownFileType</key>
			<string>sourcecode.c.h</string>
			<key>path</key>
			<string>Notification-PrefixHeader.pch</string>
			<key>sourceTree</key>
			<string>&lt;group&gt;</string>
		</dict>
		<key>55CA499E1A29732400458B7C</key>
		<dict>
			<key>fileEncoding</key>
			<string>4</string>
			<key>isa</key>
			<string>PBXFileReference</string>
			<key>lastKnownFileType</key>
			<string>sourcecode.c.h</string>
			<key>path</key>
			<string>AppDelegate.h</string>
			<key>sourceTree</key>
			<string>&lt;group&gt;</string>
		</dict>
		<key>55CA499F1A29732400458B7C</key>
		<dict>
			<key>fileEncoding</key>
			<string>4</string>
			<key>isa</key>
			<string>PBXFileReference</string>
			<key>lastKnownFileType</key>
			<string>sourcecode.c.objc</string>
			<key>path</key>
			<string>AppDelegate.m</string>
			<key>sourceTree</key>
			<string>&lt;group&gt;</string>
		</dict>
		<key>55CA49A01A29732400458B7C</key>
		<dict>
			<key>fileRef</key>
			<string>55CA499F1A29732400458B7C</string>
			<key>isa</key>
			<string>PBXBuildFile</string>
		</dict>
		<key>55CA49A11A29736A00458B7C</key>
		<dict>
			<key>children</key>
			<array>
				<string>55CA49A21A29739800458B7C</string>
				<string>55CA49A31A29739800458B7C</string>
				<string>55CA49A41A29739800458B7C</string>
				<string>55CA49A51A29739800458B7C</string>
				<string>55CA49A61A29739800458B7C</string>
				<string>55CA49A71A29739800458B7C</string>
				<string>55CA49AE1A2B202900458B7C</string>
				<string>55CA49AF1A2B202900458B7C</string>
			</array>
			<key>isa</key>
			<string>PBXGroup</string>
			<key>path</key>
			<string>Controller</string>
			<key>sourceTree</key>
			<string>&lt;group&gt;</string>
		</dict>
		<key>55CA49A21A29739800458B7C</key>
		<dict>
			<key>fileEncoding</key>
			<string>4</string>
			<key>isa</key>
			<string>PBXFileReference</string>
			<key>lastKnownFileType</key>
			<string>sourcecode.c.h</string>
			<key>path</key>
			<string>MainViewController.h</string>
			<key>sourceTree</key>
			<string>&lt;group&gt;</string>
		</dict>
		<key>55CA49A31A29739800458B7C</key>
		<dict>
			<key>fileEncoding</key>
			<string>4</string>
			<key>isa</key>
			<string>PBXFileReference</string>
			<key>lastKnownFileType</key>
			<string>sourcecode.c.objc</string>
			<key>path</key>
			<string>MainViewController.m</string>
			<key>sourceTree</key>
			<string>&lt;group&gt;</string>
		</dict>
		<key>55CA49A41A29739800458B7C</key>
		<dict>
			<key>fileEncoding</key>
			<string>4</string>
			<key>isa</key>
			<string>PBXFileReference</string>
			<key>lastKnownFileType</key>
			<string>sourcecode.c.h</string>
			<key>path</key>
			<string>SRMRecordViewController.h</string>
			<key>sourceTree</key>
			<string>&lt;group&gt;</string>
		</dict>
		<key>55CA49A51A29739800458B7C</key>
		<dict>
			<key>fileEncoding</key>
			<string>4</string>
			<key>isa</key>
			<string>PBXFileReference</string>
			<key>lastKnownFileType</key>
			<string>sourcecode.c.objc</string>
			<key>path</key>
			<string>SRMRecordViewController.m</string>
			<key>sourceTree</key>
			<string>&lt;group&gt;</string>
		</dict>
		<key>55CA49A61A29739800458B7C</key>
		<dict>
			<key>fileEncoding</key>
			<string>4</string>
			<key>isa</key>
			<string>PBXFileReference</string>
			<key>lastKnownFileType</key>
			<string>sourcecode.c.h</string>
			<key>path</key>
			<string>TimeChooseViewController.h</string>
			<key>sourceTree</key>
			<string>&lt;group&gt;</string>
		</dict>
		<key>55CA49A71A29739800458B7C</key>
		<dict>
			<key>fileEncoding</key>
			<string>4</string>
			<key>isa</key>
			<string>PBXFileReference</string>
			<key>lastKnownFileType</key>
			<string>sourcecode.c.objc</string>
			<key>path</key>
			<string>TimeChooseViewController.m</string>
			<key>sourceTree</key>
			<string>&lt;group&gt;</string>
		</dict>
		<key>55CA49A81A29739800458B7C</key>
		<dict>
			<key>fileRef</key>
			<string>55CA49A31A29739800458B7C</string>
			<key>isa</key>
			<string>PBXBuildFile</string>
		</dict>
		<key>55CA49A91A29739800458B7C</key>
		<dict>
			<key>fileRef</key>
			<string>55CA49A51A29739800458B7C</string>
			<key>isa</key>
			<string>PBXBuildFile</string>
		</dict>
		<key>55CA49AA1A29739800458B7C</key>
		<dict>
			<key>fileRef</key>
			<string>55CA49A71A29739800458B7C</string>
			<key>isa</key>
			<string>PBXBuildFile</string>
		</dict>
		<key>55CA49AB1A2973C700458B7C</key>
		<dict>
			<key>isa</key>
			<string>PBXFileReference</string>
			<key>lastKnownFileType</key>
			<string>sourcecode.c.h</string>
			<key>path</key>
			<string>AppMarcro.h</string>
			<key>sourceTree</key>
			<string>&lt;group&gt;</string>
		</dict>
		<key>55CA49AD1A29743D00458B7C</key>
		<dict>
			<key>fileEncoding</key>
			<string>4</string>
			<key>isa</key>
			<string>PBXFileReference</string>
			<key>lastKnownFileType</key>
			<string>sourcecode.c.h</string>
			<key>path</key>
			<string>UtilsMacro.h</string>
			<key>sourceTree</key>
			<string>&lt;group&gt;</string>
		</dict>
		<key>55CA49AE1A2B202900458B7C</key>
		<dict>
			<key>fileEncoding</key>
			<string>4</string>
			<key>isa</key>
			<string>PBXFileReference</string>
			<key>lastKnownFileType</key>
			<string>sourcecode.c.h</string>
			<key>path</key>
			<string>SRMSwipCell.h</string>
			<key>sourceTree</key>
			<string>&lt;group&gt;</string>
		</dict>
		<key>55CA49AF1A2B202900458B7C</key>
		<dict>
			<key>fileEncoding</key>
			<string>4</string>
			<key>isa</key>
			<string>PBXFileReference</string>
			<key>lastKnownFileType</key>
			<string>sourcecode.c.objc</string>
			<key>path</key>
			<string>SRMSwipCell.m</string>
			<key>sourceTree</key>
			<string>&lt;group&gt;</string>
		</dict>
		<key>55CA49B01A2B202900458B7C</key>
		<dict>
			<key>fileRef</key>
			<string>55CA49AF1A2B202900458B7C</string>
			<key>isa</key>
			<string>PBXBuildFile</string>
		</dict>
		<key>55F219EC1A287F5F001B58A3</key>
		<dict>
			<key>children</key>
			<array>
				<string>55F219F71A287F5F001B58A3</string>
				<string>55F21A141A287F5F001B58A3</string>
				<string>55F219F61A287F5F001B58A3</string>
				<string>83B63D6992E50F9341BFA752</string>
				<string>19A7F92EC86A396786331628</string>
			</array>
			<key>isa</key>
			<string>PBXGroup</string>
			<key>sourceTree</key>
			<string>&lt;group&gt;</string>
		</dict>
		<key>55F219ED1A287F5F001B58A3</key>
		<dict>
			<key>attributes</key>
			<dict>
				<key>LastUpgradeCheck</key>
				<string>0610</string>
				<key>ORGANIZATIONNAME</key>
				<string>wentaolu</string>
				<key>TargetAttributes</key>
				<dict>
					<key>55F219F41A287F5F001B58A3</key>
					<dict>
						<key>CreatedOnToolsVersion</key>
						<string>6.1</string>
					</dict>
					<key>55F21A101A287F5F001B58A3</key>
					<dict>
						<key>CreatedOnToolsVersion</key>
						<string>6.1</string>
						<key>TestTargetID</key>
						<string>55F219F41A287F5F001B58A3</string>
					</dict>
				</dict>
			</dict>
			<key>buildConfigurationList</key>
			<string>55F219F01A287F5F001B58A3</string>
			<key>compatibilityVersion</key>
			<string>Xcode 3.2</string>
			<key>developmentRegion</key>
			<string>English</string>
			<key>hasScannedForEncodings</key>
			<string>0</string>
			<key>isa</key>
			<string>PBXProject</string>
			<key>knownRegions</key>
			<array>
				<string>en</string>
				<string>Base</string>
			</array>
			<key>mainGroup</key>
			<string>55F219EC1A287F5F001B58A3</string>
			<key>productRefGroup</key>
			<string>55F219F61A287F5F001B58A3</string>
			<key>projectDirPath</key>
			<string></string>
			<key>projectReferences</key>
			<array/>
			<key>projectRoot</key>
			<string></string>
			<key>targets</key>
			<array>
				<string>55F219F41A287F5F001B58A3</string>
				<string>55F21A101A287F5F001B58A3</string>
			</array>
		</dict>
		<key>55F219F01A287F5F001B58A3</key>
		<dict>
			<key>buildConfigurations</key>
			<array>
				<string>55F21A191A287F5F001B58A3</string>
				<string>55F21A1A1A287F5F001B58A3</string>
			</array>
			<key>defaultConfigurationIsVisible</key>
			<string>0</string>
			<key>defaultConfigurationName</key>
			<string>Release</string>
			<key>isa</key>
			<string>XCConfigurationList</string>
		</dict>
		<key>55F219F11A287F5F001B58A3</key>
		<dict>
			<key>buildActionMask</key>
			<string>2147483647</string>
			<key>files</key>
			<array>
				<string>55F21A011A287F5F001B58A3</string>
				<string>55CA49921A29705500458B7C</string>
				<string>55CA499C1A29724500458B7C</string>
				<string>55CA49A81A29739800458B7C</string>
				<string>55CA49AA1A29739800458B7C</string>
				<string>55CA49B01A2B202900458B7C</string>
				<string>55CA49A91A29739800458B7C</string>
				<string>55CA49A01A29732400458B7C</string>
			</array>
			<key>isa</key>
			<string>PBXSourcesBuildPhase</string>
			<key>runOnlyForDeploymentPostprocessing</key>
			<string>0</string>
		</dict>
		<key>55F219F21A287F5F001B58A3</key>
		<dict>
			<key>buildActionMask</key>
			<string>2147483647</string>
			<key>files</key>
			<array>
				<string>C7748B01AF0EE3362A90A067</string>
			</array>
			<key>isa</key>
			<string>PBXFrameworksBuildPhase</string>
			<key>runOnlyForDeploymentPostprocessing</key>
			<string>0</string>
		</dict>
		<key>55F219F31A287F5F001B58A3</key>
		<dict>
			<key>buildActionMask</key>
			<string>2147483647</string>
			<key>files</key>
			<array>
				<string>55F21A071A287F5F001B58A3</string>
				<string>55F21A0C1A287F5F001B58A3</string>
				<string>55CA499B1A29724500458B7C</string>
				<string>55F21A091A287F5F001B58A3</string>
			</array>
			<key>isa</key>
			<string>PBXResourcesBuildPhase</string>
			<key>runOnlyForDeploymentPostprocessing</key>
			<string>0</string>
		</dict>
		<key>55F219F41A287F5F001B58A3</key>
		<dict>
			<key>buildConfigurationList</key>
			<string>55F21A1B1A287F5F001B58A3</string>
			<key>buildPhases</key>
			<array>
				<string>22CF305818C4480069EA5959</string>
				<string>55F219F11A287F5F001B58A3</string>
				<string>55F219F21A287F5F001B58A3</string>
				<string>55F219F31A287F5F001B58A3</string>
				<string>461E0AFD8932E2FBE12AABB7</string>
			</array>
			<key>buildRules</key>
			<array/>
			<key>dependencies</key>
			<array/>
			<key>isa</key>
			<string>PBXNativeTarget</string>
			<key>name</key>
			<string>Notification</string>
			<key>productName</key>
			<string>Notification</string>
			<key>productReference</key>
			<string>55F219F51A287F5F001B58A3</string>
			<key>productType</key>
			<string>com.apple.product-type.application</string>
		</dict>
		<key>55F219F51A287F5F001B58A3</key>
		<dict>
			<key>explicitFileType</key>
			<string>wrapper.application</string>
			<key>includeInIndex</key>
			<string>0</string>
			<key>isa</key>
			<string>PBXFileReference</string>
			<key>path</key>
			<string>Notification.app</string>
			<key>sourceTree</key>
			<string>BUILT_PRODUCTS_DIR</string>
		</dict>
		<key>55F219F61A287F5F001B58A3</key>
		<dict>
			<key>children</key>
			<array>
				<string>55F219F51A287F5F001B58A3</string>
				<string>55F21A111A287F5F001B58A3</string>
			</array>
			<key>isa</key>
			<string>PBXGroup</string>
			<key>name</key>
			<string>Products</string>
			<key>sourceTree</key>
			<string>&lt;group&gt;</string>
		</dict>
		<key>55F219F71A287F5F001B58A3</key>
		<dict>
			<key>children</key>
			<array>
				<string>55CA49951A2971D200458B7C</string>
				<string>55CA49941A2971B800458B7C</string>
				<string>55CA49A11A29736A00458B7C</string>
				<string>55CA498F1A296F8100458B7C</string>
				<string>55F21A051A287F5F001B58A3</string>
				<string>55F21A081A287F5F001B58A3</string>
				<string>55F21A0A1A287F5F001B58A3</string>
				<string>55F219FF1A287F5F001B58A3</string>
			</array>
			<key>isa</key>
			<string>PBXGroup</string>
			<key>path</key>
			<string>Notification</string>
			<key>sourceTree</key>
			<string>&lt;group&gt;</string>
		</dict>
		<key>55F219FF1A287F5F001B58A3</key>
		<dict>
			<key>children</key>
			<array>
				<string>55F21A001A287F5F001B58A3</string>
			</array>
			<key>currentVersion</key>
			<string>55F21A001A287F5F001B58A3</string>
			<key>isa</key>
			<string>XCVersionGroup</string>
			<key>path</key>
			<string>Notification.xcdatamodeld</string>
			<key>sourceTree</key>
			<string>&lt;group&gt;</string>
			<key>versionGroupType</key>
			<string>wrapper.xcdatamodel</string>
		</dict>
		<key>55F21A001A287F5F001B58A3</key>
		<dict>
			<key>isa</key>
			<string>PBXFileReference</string>
			<key>lastKnownFileType</key>
			<string>wrapper.xcdatamodel</string>
			<key>path</key>
			<string>Notification.xcdatamodel</string>
			<key>sourceTree</key>
			<string>&lt;group&gt;</string>
		</dict>
		<key>55F21A011A287F5F001B58A3</key>
		<dict>
			<key>fileRef</key>
			<string>55F219FF1A287F5F001B58A3</string>
			<key>isa</key>
			<string>PBXBuildFile</string>
		</dict>
		<key>55F21A051A287F5F001B58A3</key>
		<dict>
			<key>children</key>
			<array>
				<string>55F21A061A287F5F001B58A3</string>
			</array>
			<key>isa</key>
			<string>PBXVariantGroup</string>
			<key>name</key>
			<string>Main.storyboard</string>
			<key>sourceTree</key>
			<string>&lt;group&gt;</string>
		</dict>
		<key>55F21A061A287F5F001B58A3</key>
		<dict>
			<key>isa</key>
			<string>PBXFileReference</string>
			<key>lastKnownFileType</key>
			<string>file.storyboard</string>
			<key>name</key>
			<string>Base</string>
			<key>path</key>
			<string>Base.lproj/Main.storyboard</string>
			<key>sourceTree</key>
			<string>&lt;group&gt;</string>
		</dict>
		<key>55F21A071A287F5F001B58A3</key>
		<dict>
			<key>fileRef</key>
			<string>55F21A051A287F5F001B58A3</string>
			<key>isa</key>
			<string>PBXBuildFile</string>
		</dict>
		<key>55F21A081A287F5F001B58A3</key>
		<dict>
			<key>isa</key>
			<string>PBXFileReference</string>
			<key>lastKnownFileType</key>
			<string>folder.assetcatalog</string>
			<key>path</key>
			<string>Images.xcassets</string>
			<key>sourceTree</key>
			<string>&lt;group&gt;</string>
		</dict>
		<key>55F21A091A287F5F001B58A3</key>
		<dict>
			<key>fileRef</key>
			<string>55F21A081A287F5F001B58A3</string>
			<key>isa</key>
			<string>PBXBuildFile</string>
		</dict>
		<key>55F21A0A1A287F5F001B58A3</key>
		<dict>
			<key>children</key>
			<array>
				<string>55F21A0B1A287F5F001B58A3</string>
			</array>
			<key>isa</key>
			<string>PBXVariantGroup</string>
			<key>name</key>
			<string>LaunchScreen.xib</string>
			<key>sourceTree</key>
			<string>&lt;group&gt;</string>
		</dict>
		<key>55F21A0B1A287F5F001B58A3</key>
		<dict>
			<key>isa</key>
			<string>PBXFileReference</string>
			<key>lastKnownFileType</key>
			<string>file.xib</string>
			<key>name</key>
			<string>Base</string>
			<key>path</key>
			<string>Base.lproj/LaunchScreen.xib</string>
			<key>sourceTree</key>
			<string>&lt;group&gt;</string>
		</dict>
		<key>55F21A0C1A287F5F001B58A3</key>
		<dict>
			<key>fileRef</key>
			<string>55F21A0A1A287F5F001B58A3</string>
			<key>isa</key>
			<string>PBXBuildFile</string>
		</dict>
		<key>55F21A0D1A287F5F001B58A3</key>
		<dict>
			<key>buildActionMask</key>
			<string>2147483647</string>
			<key>files</key>
			<array>
				<string>55F21A181A287F5F001B58A3</string>
			</array>
			<key>isa</key>
			<string>PBXSourcesBuildPhase</string>
			<key>runOnlyForDeploymentPostprocessing</key>
			<string>0</string>
		</dict>
		<key>55F21A0E1A287F5F001B58A3</key>
		<dict>
			<key>buildActionMask</key>
			<string>2147483647</string>
			<key>files</key>
			<array/>
			<key>isa</key>
			<string>PBXFrameworksBuildPhase</string>
			<key>runOnlyForDeploymentPostprocessing</key>
			<string>0</string>
		</dict>
		<key>55F21A0F1A287F5F001B58A3</key>
		<dict>
			<key>buildActionMask</key>
			<string>2147483647</string>
			<key>files</key>
			<array/>
			<key>isa</key>
			<string>PBXResourcesBuildPhase</string>
			<key>runOnlyForDeploymentPostprocessing</key>
			<string>0</string>
		</dict>
		<key>55F21A101A287F5F001B58A3</key>
		<dict>
			<key>buildConfigurationList</key>
			<string>55F21A1E1A287F5F001B58A3</string>
			<key>buildPhases</key>
			<array>
				<string>55F21A0D1A287F5F001B58A3</string>
				<string>55F21A0E1A287F5F001B58A3</string>
				<string>55F21A0F1A287F5F001B58A3</string>
			</array>
			<key>buildRules</key>
			<array/>
			<key>dependencies</key>
			<array>
				<string>55F21A131A287F5F001B58A3</string>
			</array>
			<key>isa</key>
			<string>PBXNativeTarget</string>
			<key>name</key>
			<string>NotificationTests</string>
			<key>productName</key>
			<string>NotificationTests</string>
			<key>productReference</key>
			<string>55F21A111A287F5F001B58A3</string>
			<key>productType</key>
			<string>com.apple.product-type.bundle.unit-test</string>
		</dict>
		<key>55F21A111A287F5F001B58A3</key>
		<dict>
			<key>explicitFileType</key>
			<string>wrapper.cfbundle</string>
			<key>includeInIndex</key>
			<string>0</string>
			<key>isa</key>
			<string>PBXFileReference</string>
			<key>path</key>
			<string>NotificationTests.xctest</string>
			<key>sourceTree</key>
			<string>BUILT_PRODUCTS_DIR</string>
		</dict>
		<key>55F21A121A287F5F001B58A3</key>
		<dict>
			<key>containerPortal</key>
			<string>55F219ED1A287F5F001B58A3</string>
			<key>isa</key>
			<string>PBXContainerItemProxy</string>
			<key>proxyType</key>
			<string>1</string>
			<key>remoteGlobalIDString</key>
			<string>55F219F41A287F5F001B58A3</string>
			<key>remoteInfo</key>
			<string>Notification</string>
		</dict>
		<key>55F21A131A287F5F001B58A3</key>
		<dict>
			<key>isa</key>
			<string>PBXTargetDependency</string>
			<key>target</key>
			<string>55F219F41A287F5F001B58A3</string>
			<key>targetProxy</key>
			<string>55F21A121A287F5F001B58A3</string>
		</dict>
		<key>55F21A141A287F5F001B58A3</key>
		<dict>
			<key>children</key>
			<array>
				<string>55F21A171A287F5F001B58A3</string>
				<string>55F21A151A287F5F001B58A3</string>
			</array>
			<key>isa</key>
			<string>PBXGroup</string>
			<key>path</key>
			<string>NotificationTests</string>
			<key>sourceTree</key>
			<string>&lt;group&gt;</string>
		</dict>
		<key>55F21A151A287F5F001B58A3</key>
		<dict>
			<key>children</key>
			<array>
				<string>55F21A161A287F5F001B58A3</string>
			</array>
			<key>isa</key>
			<string>PBXGroup</string>
			<key>name</key>
			<string>Supporting Files</string>
			<key>sourceTree</key>
			<string>&lt;group&gt;</string>
		</dict>
		<key>55F21A161A287F5F001B58A3</key>
		<dict>
			<key>isa</key>
			<string>PBXFileReference</string>
			<key>lastKnownFileType</key>
			<string>text.plist.xml</string>
			<key>path</key>
			<string>Info.plist</string>
			<key>sourceTree</key>
			<string>&lt;group&gt;</string>
		</dict>
		<key>55F21A171A287F5F001B58A3</key>
		<dict>
			<key>isa</key>
			<string>PBXFileReference</string>
			<key>lastKnownFileType</key>
			<string>sourcecode.c.objc</string>
			<key>path</key>
			<string>NotificationTests.m</string>
			<key>sourceTree</key>
			<string>&lt;group&gt;</string>
		</dict>
		<key>55F21A181A287F5F001B58A3</key>
		<dict>
			<key>fileRef</key>
			<string>55F21A171A287F5F001B58A3</string>
			<key>isa</key>
			<string>PBXBuildFile</string>
		</dict>
		<key>55F21A191A287F5F001B58A3</key>
		<dict>
			<key>buildSettings</key>
			<dict>
				<key>ALWAYS_SEARCH_USER_PATHS</key>
				<string>NO</string>
				<key>CLANG_CXX_LANGUAGE_STANDARD</key>
				<string>gnu++0x</string>
				<key>CLANG_CXX_LIBRARY</key>
				<string>libc++</string>
				<key>CLANG_ENABLE_MODULES</key>
				<string>YES</string>
				<key>CLANG_ENABLE_OBJC_ARC</key>
				<string>YES</string>
				<key>CLANG_WARN_BOOL_CONVERSION</key>
				<string>YES</string>
				<key>CLANG_WARN_CONSTANT_CONVERSION</key>
				<string>YES</string>
				<key>CLANG_WARN_DIRECT_OBJC_ISA_USAGE</key>
				<string>YES_ERROR</string>
				<key>CLANG_WARN_EMPTY_BODY</key>
				<string>YES</string>
				<key>CLANG_WARN_ENUM_CONVERSION</key>
				<string>YES</string>
				<key>CLANG_WARN_INT_CONVERSION</key>
				<string>YES</string>
				<key>CLANG_WARN_OBJC_ROOT_CLASS</key>
				<string>YES_ERROR</string>
				<key>CLANG_WARN_UNREACHABLE_CODE</key>
				<string>YES</string>
				<key>CLANG_WARN__DUPLICATE_METHOD_MATCH</key>
				<string>YES</string>
				<key>CODE_SIGN_IDENTITY[sdk=iphoneos*]</key>
				<string>iPhone Developer</string>
				<key>COPY_PHASE_STRIP</key>
				<string>NO</string>
				<key>ENABLE_STRICT_OBJC_MSGSEND</key>
				<string>YES</string>
				<key>GCC_C_LANGUAGE_STANDARD</key>
				<string>gnu99</string>
				<key>GCC_DYNAMIC_NO_PIC</key>
				<string>NO</string>
				<key>GCC_OPTIMIZATION_LEVEL</key>
				<string>0</string>
				<key>GCC_PREPROCESSOR_DEFINITIONS</key>
				<array>
					<string>DEBUG=1</string>
					<string>$(inherited)</string>
				</array>
				<key>GCC_SYMBOLS_PRIVATE_EXTERN</key>
				<string>NO</string>
				<key>GCC_WARN_64_TO_32_BIT_CONVERSION</key>
				<string>YES</string>
				<key>GCC_WARN_ABOUT_RETURN_TYPE</key>
				<string>YES_ERROR</string>
				<key>GCC_WARN_UNDECLARED_SELECTOR</key>
				<string>YES</string>
				<key>GCC_WARN_UNINITIALIZED_AUTOS</key>
				<string>YES_AGGRESSIVE</string>
				<key>GCC_WARN_UNUSED_FUNCTION</key>
				<string>YES</string>
				<key>GCC_WARN_UNUSED_VARIABLE</key>
				<string>YES</string>
				<key>IPHONEOS_DEPLOYMENT_TARGET</key>
				<string>8.1</string>
				<key>MTL_ENABLE_DEBUG_INFO</key>
				<string>YES</string>
				<key>ONLY_ACTIVE_ARCH</key>
				<string>YES</string>
				<key>SDKROOT</key>
				<string>iphoneos</string>
				<key>TARGETED_DEVICE_FAMILY</key>
				<string>1,2</string>
			</dict>
			<key>isa</key>
			<string>XCBuildConfiguration</string>
			<key>name</key>
			<string>Debug</string>
		</dict>
		<key>55F21A1A1A287F5F001B58A3</key>
		<dict>
			<key>buildSettings</key>
			<dict>
				<key>ALWAYS_SEARCH_USER_PATHS</key>
				<string>NO</string>
				<key>CLANG_CXX_LANGUAGE_STANDARD</key>
				<string>gnu++0x</string>
				<key>CLANG_CXX_LIBRARY</key>
				<string>libc++</string>
				<key>CLANG_ENABLE_MODULES</key>
				<string>YES</string>
				<key>CLANG_ENABLE_OBJC_ARC</key>
				<string>YES</string>
				<key>CLANG_WARN_BOOL_CONVERSION</key>
				<string>YES</string>
				<key>CLANG_WARN_CONSTANT_CONVERSION</key>
				<string>YES</string>
				<key>CLANG_WARN_DIRECT_OBJC_ISA_USAGE</key>
				<string>YES_ERROR</string>
				<key>CLANG_WARN_EMPTY_BODY</key>
				<string>YES</string>
				<key>CLANG_WARN_ENUM_CONVERSION</key>
				<string>YES</string>
				<key>CLANG_WARN_INT_CONVERSION</key>
				<string>YES</string>
				<key>CLANG_WARN_OBJC_ROOT_CLASS</key>
				<string>YES_ERROR</string>
				<key>CLANG_WARN_UNREACHABLE_CODE</key>
				<string>YES</string>
				<key>CLANG_WARN__DUPLICATE_METHOD_MATCH</key>
				<string>YES</string>
				<key>CODE_SIGN_IDENTITY[sdk=iphoneos*]</key>
				<string>iPhone Developer</string>
				<key>COPY_PHASE_STRIP</key>
				<string>YES</string>
				<key>ENABLE_NS_ASSERTIONS</key>
				<string>NO</string>
				<key>ENABLE_STRICT_OBJC_MSGSEND</key>
				<string>YES</string>
				<key>GCC_C_LANGUAGE_STANDARD</key>
				<string>gnu99</string>
				<key>GCC_WARN_64_TO_32_BIT_CONVERSION</key>
				<string>YES</string>
				<key>GCC_WARN_ABOUT_RETURN_TYPE</key>
				<string>YES_ERROR</string>
				<key>GCC_WARN_UNDECLARED_SELECTOR</key>
				<string>YES</string>
				<key>GCC_WARN_UNINITIALIZED_AUTOS</key>
				<string>YES_AGGRESSIVE</string>
				<key>GCC_WARN_UNUSED_FUNCTION</key>
				<string>YES</string>
				<key>GCC_WARN_UNUSED_VARIABLE</key>
				<string>YES</string>
				<key>IPHONEOS_DEPLOYMENT_TARGET</key>
				<string>8.1</string>
				<key>MTL_ENABLE_DEBUG_INFO</key>
				<string>NO</string>
				<key>SDKROOT</key>
				<string>iphoneos</string>
				<key>TARGETED_DEVICE_FAMILY</key>
				<string>1,2</string>
				<key>VALIDATE_PRODUCT</key>
				<string>YES</string>
			</dict>
			<key>isa</key>
			<string>XCBuildConfiguration</string>
			<key>name</key>
			<string>Release</string>
		</dict>
		<key>55F21A1B1A287F5F001B58A3</key>
		<dict>
			<key>buildConfigurations</key>
			<array>
				<string>55F21A1C1A287F5F001B58A3</string>
				<string>55F21A1D1A287F5F001B58A3</string>
			</array>
			<key>defaultConfigurationIsVisible</key>
			<string>0</string>
			<key>defaultConfigurationName</key>
			<string>Release</string>
			<key>isa</key>
			<string>XCConfigurationList</string>
		</dict>
		<key>55F21A1C1A287F5F001B58A3</key>
		<dict>
			<key>baseConfigurationReference</key>
			<string>BFC3CA70D039439B872358AF</string>
			<key>buildSettings</key>
			<dict>
				<key>ASSETCATALOG_COMPILER_APPICON_NAME</key>
				<string>AppIcon</string>
				<key>GCC_INCREASE_PRECOMPILED_HEADER_SHARING</key>
				<string>NO</string>
				<key>GCC_PRECOMPILE_PREFIX_HEADER</key>
				<string>YES</string>
				<key>GCC_PREFIX_HEADER</key>
				<string>Notification/AppDelegate/Notification-PrefixHeader.pch</string>
				<key>INFOPLIST_FILE</key>
				<string>Notification/AppDelegate/Info.plist</string>
				<key>LD_RUNPATH_SEARCH_PATHS</key>
				<string>$(inherited) @executable_path/Frameworks</string>
				<key>PRODUCT_NAME</key>
				<string>$(TARGET_NAME)</string>
			</dict>
			<key>isa</key>
			<string>XCBuildConfiguration</string>
			<key>name</key>
			<string>Debug</string>
		</dict>
		<key>55F21A1D1A287F5F001B58A3</key>
		<dict>
			<key>baseConfigurationReference</key>
			<string>9DFF2C771664E73B5CEBB61F</string>
			<key>buildSettings</key>
			<dict>
				<key>ASSETCATALOG_COMPILER_APPICON_NAME</key>
				<string>AppIcon</string>
				<key>GCC_INCREASE_PRECOMPILED_HEADER_SHARING</key>
				<string>NO</string>
				<key>GCC_PRECOMPILE_PREFIX_HEADER</key>
				<string>YES</string>
				<key>GCC_PREFIX_HEADER</key>
				<string>Notification/AppDelegate/Notification-PrefixHeader.pch</string>
				<key>INFOPLIST_FILE</key>
				<string>Notification/AppDelegate/Info.plist</string>
				<key>LD_RUNPATH_SEARCH_PATHS</key>
				<string>$(inherited) @executable_path/Frameworks</string>
				<key>PRODUCT_NAME</key>
				<string>$(TARGET_NAME)</string>
			</dict>
			<key>isa</key>
			<string>XCBuildConfiguration</string>
			<key>name</key>
			<string>Release</string>
		</dict>
		<key>55F21A1E1A287F5F001B58A3</key>
		<dict>
			<key>buildConfigurations</key>
			<array>
				<string>55F21A1F1A287F5F001B58A3</string>
				<string>55F21A201A287F5F001B58A3</string>
			</array>
			<key>defaultConfigurationIsVisible</key>
			<string>0</string>
			<key>defaultConfigurationName</key>
			<string>Release</string>
			<key>isa</key>
			<string>XCConfigurationList</string>
		</dict>
		<key>55F21A1F1A287F5F001B58A3</key>
		<dict>
			<key>buildSettings</key>
			<dict>
				<key>BUNDLE_LOADER</key>
				<string>$(TEST_HOST)</string>
				<key>FRAMEWORK_SEARCH_PATHS</key>
				<array>
					<string>$(SDKROOT)/Developer/Library/Frameworks</string>
					<string>$(inherited)</string>
				</array>
				<key>GCC_PREPROCESSOR_DEFINITIONS</key>
				<array>
					<string>DEBUG=1</string>
					<string>$(inherited)</string>
				</array>
				<key>INFOPLIST_FILE</key>
				<string>NotificationTests/Info.plist</string>
				<key>LD_RUNPATH_SEARCH_PATHS</key>
				<string>$(inherited) @executable_path/Frameworks @loader_path/Frameworks</string>
				<key>PRODUCT_NAME</key>
				<string>$(TARGET_NAME)</string>
				<key>TEST_HOST</key>
				<string>$(BUILT_PRODUCTS_DIR)/Notification.app/Notification</string>
			</dict>
			<key>isa</key>
			<string>XCBuildConfiguration</string>
			<key>name</key>
			<string>Debug</string>
		</dict>
		<key>55F21A201A287F5F001B58A3</key>
		<dict>
			<key>buildSettings</key>
			<dict>
				<key>BUNDLE_LOADER</key>
				<string>$(TEST_HOST)</string>
				<key>FRAMEWORK_SEARCH_PATHS</key>
				<array>
					<string>$(SDKROOT)/Developer/Library/Frameworks</string>
					<string>$(inherited)</string>
				</array>
				<key>INFOPLIST_FILE</key>
				<string>NotificationTests/Info.plist</string>
				<key>LD_RUNPATH_SEARCH_PATHS</key>
				<string>$(inherited) @executable_path/Frameworks @loader_path/Frameworks</string>
				<key>PRODUCT_NAME</key>
				<string>$(TARGET_NAME)</string>
				<key>TEST_HOST</key>
				<string>$(BUILT_PRODUCTS_DIR)/Notification.app/Notification</string>
			</dict>
			<key>isa</key>
			<string>XCBuildConfiguration</string>
			<key>name</key>
			<string>Release</string>
		</dict>
		<key>83B63D6992E50F9341BFA752</key>
		<dict>
			<key>children</key>
			<array>
				<string>BFC3CA70D039439B872358AF</string>
				<string>9DFF2C771664E73B5CEBB61F</string>
			</array>
			<key>isa</key>
			<string>PBXGroup</string>
			<key>name</key>
			<string>Pods</string>
			<key>sourceTree</key>
			<string>&lt;group&gt;</string>
		</dict>
		<key>9DFF2C771664E73B5CEBB61F</key>
		<dict>
			<key>includeInIndex</key>
			<string>1</string>
			<key>isa</key>
			<string>PBXFileReference</string>
			<key>lastKnownFileType</key>
			<string>text.xcconfig</string>
			<key>name</key>
			<string>Pods.release.xcconfig</string>
			<key>path</key>
			<string>Pods/Target Support Files/Pods/Pods.release.xcconfig</string>
			<key>sourceTree</key>
			<string>&lt;group&gt;</string>
		</dict>
		<key>BFC3CA70D039439B872358AF</key>
		<dict>
			<key>includeInIndex</key>
			<string>1</string>
			<key>isa</key>
			<string>PBXFileReference</string>
			<key>lastKnownFileType</key>
			<string>text.xcconfig</string>
			<key>name</key>
			<string>Pods.debug.xcconfig</string>
			<key>path</key>
			<string>Pods/Target Support Files/Pods/Pods.debug.xcconfig</string>
			<key>sourceTree</key>
			<string>&lt;group&gt;</string>
		</dict>
		<key>C7748B01AF0EE3362A90A067</key>
		<dict>
			<key>fileRef</key>
			<string>15D0D97629FF86FE8D3C4978</string>
			<key>isa</key>
			<string>PBXBuildFile</string>
		</dict>
	</dict>
	<key>rootObject</key>
	<string>55F219ED1A287F5F001B58A3</string>
</dict>
</plist>
